{
  "version": 4,
  "terraform_version": "0.12.17",
  "serial": 14,
  "lineage": "9628a114-2cba-3f7b-dd35-72ab416bc6f5",
  "outputs": {},
  "resources": [
    {
      "mode": "managed",
      "type": "kubernetes_cluster_role_binding",
      "name": "kubernetes-dashboard-rule",
      "provider": "provider.kubernetes",
      "instances": [
        {
          "schema_version": 0,
          "attributes": {
            "id": "kubernetes-dashboard-rule",
            "metadata": [
              {
                "annotations": {},
                "generation": 0,
                "labels": {},
                "name": "kubernetes-dashboard-rule",
                "resource_version": "1611",
                "self_link": "/apis/rbac.authorization.k8s.io/v1/clusterrolebindings/kubernetes-dashboard-rule",
                "uid": "743bc89f-4c8e-11ea-a529-2a3068382bc7"
              }
            ],
            "role_ref": [
              {
                "api_group": "rbac.authorization.k8s.io",
                "kind": "ClusterRole",
                "name": "cluster-admin"
              }
            ],
            "subject": [
              {
                "api_group": "",
                "kind": "ServiceAccount",
                "name": "kubernetes-dashboard",
                "namespace": "kube-system"
              }
            ]
          },
          "private": "bnVsbA=="
        }
      ]
    },
    {
      "mode": "managed",
      "type": "kubernetes_cluster_role_binding",
      "name": "tiller-cluster-rule",
      "provider": "provider.kubernetes",
      "instances": [
        {
          "schema_version": 0,
          "attributes": {
            "id": "tiller-cluster-rule",
            "metadata": [
              {
                "annotations": {},
                "generation": 0,
                "labels": {},
                "name": "tiller-cluster-rule",
                "resource_version": "1610",
                "self_link": "/apis/rbac.authorization.k8s.io/v1/clusterrolebindings/tiller-cluster-rule",
                "uid": "743bc460-4c8e-11ea-a529-2a3068382bc7"
              }
            ],
            "role_ref": [
              {
                "api_group": "rbac.authorization.k8s.io",
                "kind": "ClusterRole",
                "name": "cluster-admin"
              }
            ],
            "subject": [
              {
                "api_group": "",
                "kind": "ServiceAccount",
                "name": "tiller",
                "namespace": "kube-system"
              }
            ]
          },
          "private": "bnVsbA=="
        }
      ]
    },
    {
      "mode": "managed",
      "type": "kubernetes_service_account",
      "name": "tiller",
      "provider": "provider.kubernetes",
      "instances": [
        {
          "schema_version": 0,
          "attributes": {
            "automount_service_account_token": false,
            "default_secret_name": "tiller-token-cgkd6",
            "id": "kube-system/tiller",
            "image_pull_secret": [],
            "metadata": [
              {
                "annotations": {},
                "generate_name": "",
                "generation": 0,
                "labels": {},
                "name": "tiller",
                "namespace": "kube-system",
                "resource_version": "1614",
                "self_link": "/api/v1/namespaces/kube-system/serviceaccounts/tiller",
                "uid": "743bc54c-4c8e-11ea-a529-2a3068382bc7"
              }
            ],
            "secret": [],
            "timeouts": null
          },
          "private": "eyJlMmJmYjczMC1lY2FhLTExZTYtOGY4OC0zNDM2M2JjN2M0YzAiOnsiY3JlYXRlIjozMDAwMDAwMDAwMH19"
        }
      ]
    }
  ]
}
